
Microsoft Visual Studio Solution File, Format Version 12.00
# Visual Studio 15
VisualStudioVersion = 15.0.26403.3
MinimumVisualStudioVersion = 10.0.40219.1
Project("{FAE04EC0-301F-11D3-BF4B-00C04F79EFBC}") = "ShoppingWEB", "ShoppingWEB\ShoppingWEB.csproj", "{BCC110FA-6CB9-4614-933A-322015C6782C}"
EndProject
Project("{FAE04EC0-301F-11D3-BF4B-00C04F79EFBC}") = "adoDAL", "DAL\adoDAL.csproj", "{E2B13001-2147-4FB5-84AE-6116C4EBCEB8}"
EndProject
Project("{FAE04EC0-301F-11D3-BF4B-00C04F79EFBC}") = "ServicesCode", "Services\ServicesCode.csproj", "{47F1792D-D1A6-48B9-889A-D5C419B8D44F}"
EndProject
Project("{FAE04EC0-301F-11D3-BF4B-00C04F79EFBC}") = "Entities", "Entities\Entities.csproj", "{CCFF9693-1B6E-44AD-9C51-4E5856510E32}"
EndProject
Global
	GlobalSection(SolutionConfigurationPlatforms) = preSolution
		Debug|Any CPU = Debug|Any CPU
		Release|Any CPU = Release|Any CPU
	EndGlobalSection
	GlobalSection(ProjectConfigurationPlatforms) = postSolution
		{BCC110FA-6CB9-4614-933A-322015C6782C}.Debug|Any CPU.ActiveCfg = Debug|Any CPU
		{BCC110FA-6CB9-4614-933A-322015C6782C}.Debug|Any CPU.Build.0 = Debug|Any CPU
		{BCC110FA-6CB9-4614-933A-322015C6782C}.Release|Any CPU.ActiveCfg = Release|Any CPU
		{BCC110FA-6CB9-4614-933A-322015C6782C}.Release|Any CPU.Build.0 = Release|Any CPU
		{E2B13001-2147-4FB5-84AE-6116C4EBCEB8}.Debug|Any CPU.ActiveCfg = Debug|Any CPU
		{E2B13001-2147-4FB5-84AE-6116C4EBCEB8}.Debug|Any CPU.Build.0 = Debug|Any CPU
		{E2B13001-2147-4FB5-84AE-6116C4EBCEB8}.Release|Any CPU.ActiveCfg = Release|Any CPU
		{E2B13001-2147-4FB5-84AE-6116C4EBCEB8}.Release|Any CPU.Build.0 = Release|Any CPU
		{47F1792D-D1A6-48B9-889A-D5C419B8D44F}.Debug|Any CPU.ActiveCfg = Debug|Any CPU
		{47F1792D-D1A6-48B9-889A-D5C419B8D44F}.Debug|Any CPU.Build.0 = Debug|Any CPU
		{47F1792D-D1A6-48B9-889A-D5C419B8D44F}.Release|Any CPU.ActiveCfg = Release|Any CPU
		{47F1792D-D1A6-48B9-889A-D5C419B8D44F}.Release|Any CPU.Build.0 = Release|Any CPU
		{CCFF9693-1B6E-44AD-9C51-4E5856510E32}.Debug|Any CPU.ActiveCfg = Debug|Any CPU
		{CCFF9693-1B6E-44AD-9C51-4E5856510E32}.Debug|Any CPU.Build.0 = Debug|Any CPU
		{CCFF9693-1B6E-44AD-9C51-4E5856510E32}.Release|Any CPU.ActiveCfg = Release|Any CPU
		{CCFF9693-1B6E-44AD-9C51-4E5856510E32}.Release|Any CPU.Build.0 = Release|Any CPU
	EndGlobalSection
	GlobalSection(SolutionProperties) = preSolution
		HideSolutionNode = FALSE
	EndGlobalSection
EndGlobal
